{
  "nodes": {
    "eilean": {
      "inputs": {
        "nixpkgs": [
          "nixpkgs"
        ]
      },
      "locked": {
        "lastModified": 1677678055,
        "narHash": "sha256-Sf+Hn8tMPudNu+MEWcPaGBs5mqg+b72nB520RTZlLmE=",
        "owner": "RyanGibb",
        "repo": "eilean-nix",
        "rev": "0b0a552480c78be16466c7b4b0e7d90de1862fd9",
        "type": "github"
      },
      "original": {
        "owner": "RyanGibb",
        "ref": "main",
        "repo": "eilean-nix",
        "type": "github"
      }
    },
    "nixpkgs": {
      "locked": {
        "lastModified": 1677676435,
        "narHash": "sha256-6FxdcmQr5JeZqsQvfinIMr0XcTyTuR7EXX0H3ANShpQ=",
        "owner": "nixos",
        "repo": "nixpkgs",
        "rev": "a08d6979dd7c82c4cef0dcc6ac45ab16051c1169",
        "type": "github"
      },
      "original": {
        "owner": "nixos",
        "ref": "nixos-unstable",
        "repo": "nixpkgs",
        "type": "github"
      }
    },
    "root": {
      "inputs": {
        "eilean": "eilean",
        "nixpkgs": "nixpkgs"
      }
    }
  },
  "root": "root",
  "version": 7
}
